
Microsoft Visual Studio Solution File, Format Version 12.00
# Visual Studio Version 17
VisualStudioVersion = 17.9.34728.123
MinimumVisualStudioVersion = 10.0.40219.1
Project("{FAE04EC0-301F-11D3-BF4B-00C04F79EFBC}") = "Study.CodingTrackers", "Study.CodingTrackers\Study.CodingTrackers.csproj", "{D05F577F-5888-4D9E-9DF3-34D6C21AF8BB}"
EndProject
Global
	GlobalSection(SolutionConfigurationPlatforms) = preSolution
		Debug|Any CPU = Debug|Any CPU
		Release|Any CPU = Release|Any CPU
	EndGlobalSection
	GlobalSection(ProjectConfigurationPlatforms) = postSolution
		{D05F577F-5888-4D9E-9DF3-34D6C21AF8BB}.Debug|Any CPU.ActiveCfg = Debug|Any CPU
		{D05F577F-5888-4D9E-9DF3-34D6C21AF8BB}.Debug|Any CPU.Build.0 = Debug|Any CPU
		{D05F577F-5888-4D9E-9DF3-34D6C21AF8BB}.Release|Any CPU.ActiveCfg = Release|Any CPU
		{D05F577F-5888-4D9E-9DF3-34D6C21AF8BB}.Release|Any CPU.Build.0 = Release|Any CPU
	EndGlobalSection
	GlobalSection(SolutionProperties) = preSolution
		HideSolutionNode = FALSE
	EndGlobalSection
	GlobalSection(ExtensibilityGlobals) = postSolution
		SolutionGuid = {DE6F08AA-D15E-484A-95AC-70B37CAED93C}
	EndGlobalSection
EndGlobal
